
Microsoft Visual Studio Solution File, Format Version 12.00
# Visual Studio 14
VisualStudioVersion = 14.0.23107.0
MinimumVisualStudioVersion = 10.0.40219.1
Project("{FAE04EC0-301F-11D3-BF4B-00C04F79EFBC}") = "Chat.Web", "Chat.Web\Chat.Web.csproj", "{ECE9058E-D2E6-480A-A8D0-59FF0E96E262}"
EndProject
Project("{FAE04EC0-301F-11D3-BF4B-00C04F79EFBC}") = "Chat.Tests", "Chat.Tests\Chat.Tests.csproj", "{625397B0-14E0-4BEA-AF53-6E93E55D7F3F}"
EndProject
Global
	GlobalSection(SolutionConfigurationPlatforms) = preSolution
		Debug|Any CPU = Debug|Any CPU
		Release|Any CPU = Release|Any CPU
	EndGlobalSection
	GlobalSection(ProjectConfigurationPlatforms) = postSolution
		{ECE9058E-D2E6-480A-A8D0-59FF0E96E262}.Debug|Any CPU.ActiveCfg = Debug|Any CPU
		{ECE9058E-D2E6-480A-A8D0-59FF0E96E262}.Debug|Any CPU.Build.0 = Debug|Any CPU
		{ECE9058E-D2E6-480A-A8D0-59FF0E96E262}.Release|Any CPU.ActiveCfg = Release|Any CPU
		{ECE9058E-D2E6-480A-A8D0-59FF0E96E262}.Release|Any CPU.Build.0 = Release|Any CPU
		{625397B0-14E0-4BEA-AF53-6E93E55D7F3F}.Debug|Any CPU.ActiveCfg = Debug|Any CPU
		{625397B0-14E0-4BEA-AF53-6E93E55D7F3F}.Debug|Any CPU.Build.0 = Debug|Any CPU
		{625397B0-14E0-4BEA-AF53-6E93E55D7F3F}.Release|Any CPU.ActiveCfg = Release|Any CPU
		{625397B0-14E0-4BEA-AF53-6E93E55D7F3F}.Release|Any CPU.Build.0 = Release|Any CPU
	EndGlobalSection
	GlobalSection(SolutionProperties) = preSolution
		HideSolutionNode = FALSE
	EndGlobalSection
EndGlobal
